
Microsoft Visual Studio Solution File, Format Version 12.00
# Visual Studio 15
VisualStudioVersion = 15.0.27130.2036
MinimumVisualStudioVersion = 10.0.40219.1
Project("{FAE04EC0-301F-11D3-BF4B-00C04F79EFBC}") = "ProyectoWinForm", "ProyectoWinForm\ProyectoWinForm.csproj", "{9379E76C-D4FD-4B65-B24C-48781544D73B}"
EndProject
Global
	GlobalSection(SolutionConfigurationPlatforms) = preSolution
		Debug|Any CPU = Debug|Any CPU
		Release|Any CPU = Release|Any CPU
	EndGlobalSection
	GlobalSection(ProjectConfigurationPlatforms) = postSolution
		{9379E76C-D4FD-4B65-B24C-48781544D73B}.Debug|Any CPU.ActiveCfg = Debug|Any CPU
		{9379E76C-D4FD-4B65-B24C-48781544D73B}.Debug|Any CPU.Build.0 = Debug|Any CPU
		{9379E76C-D4FD-4B65-B24C-48781544D73B}.Release|Any CPU.ActiveCfg = Release|Any CPU
		{9379E76C-D4FD-4B65-B24C-48781544D73B}.Release|Any CPU.Build.0 = Release|Any CPU
	EndGlobalSection
	GlobalSection(SolutionProperties) = preSolution
		HideSolutionNode = FALSE
	EndGlobalSection
	GlobalSection(ExtensibilityGlobals) = postSolution
		SolutionGuid = {338B4024-6943-495A-824A-7FAB8D561772}
	EndGlobalSection
EndGlobal
